[[package]]
name = "core"
source = "path+from-root-93B310ED66A2D489"

[[package]]
name = "fulfill-script"
source = "member"
dependencies = [
    "i64",
    "std",
]

[[package]]
name = "i64"
source = "git+https://github.com/compolabs/i64?branch=devnet#81bb0f2c3108dae0724d1e786ef82e9a3536cac6"
dependencies = ["std"]

[[package]]
name = "match-script"
source = "member"
dependencies = [
    "i64",
    "std",
]

[[package]]
name = "orderbook"
source = "member"
dependencies = [
    "i64",
    "std",
    "sway_libs",
]

[[package]]
name = "standards"
source = "git+https://github.com/FuelLabs/sway-standards?tag=v0.4.3#6f63eb7dff2458a7d976184e565b5cbf26f61da2"
dependencies = ["std"]

[[package]]
name = "std"
source = "git+https://github.com/fuellabs/sway?rev#3c86abb4008017cfb93132c759758cd7a02fc8d9"
dependencies = ["core"]

[[package]]
name = "sway_libs"
source = "git+https://github.com/FuelLabs/sway-libs?tag=v0.21.0#6a227ed34c86fe1ebd334dbdfeccf66c43e3915b"
dependencies = [
    "standards",
    "std",
]
