[[package]]
name = "core"
source = "path+from-root-E19CE48B3E858B72"

[[package]]
name = "fulfill-script"
source = "member"
dependencies = [
    "i64",
    "std",
]

[[package]]
name = "i64"
source = "git+https://github.com/compolabs/i64?branch=testnet#81bb0f2c3108dae0724d1e786ef82e9a3536cac6"
dependencies = ["std"]

[[package]]
name = "market-contract"
source = "member"
dependencies = ["std"]

[[package]]
name = "match-in-pairs-script"
source = "member"
dependencies = ["std"]

[[package]]
name = "match-many-script"
source = "member"
dependencies = [
    "i64",
    "std",
]

[[package]]
name = "match-script"
source = "member"
dependencies = [
    "i64",
    "std",
]

[[package]]
name = "orderbook-contract"
source = "member"
dependencies = ["std"]

[[package]]
name = "std"
source = "git+https://github.com/fuellabs/sway?tag=v0.60.0#2f0392ee35a1e4dd80bd8034962d5b4083dfb8b6"
dependencies = ["core"]
