[[package]]
name = "core"
source = "path+from-root-2AB5BCE55EAAEFF4"

[[package]]
name = "spark-market"
source = "member"
dependencies = [
    "std",
    "sway_libs",
]

[[package]]
name = "spark-registry"
source = "member"
dependencies = ["std"]

[[package]]
name = "standards"
source = "git+https://github.com/FuelLabs/sway-standards?tag=v0.6.0#65e09f95ea8b9476b171a66c8a47108f352fa32c"
dependencies = ["std"]

[[package]]
name = "std"
source = "git+https://github.com/fuellabs/sway?tag=v0.62.0#efda0397c7bee77de73bd726ec0b732d57614973"
dependencies = ["core"]

[[package]]
name = "sway_libs"
source = "git+https://github.com/FuelLabs/sway-libs?branch=master#d77ab39d050f051b189620b8d6474aea7d271fbf"
dependencies = [
    "standards",
    "std",
]
